# This file was autogenerated by Stack.
# You should not edit this file by hand.
# For more information, please see the documentation at:
#   https://docs.haskellstack.org/en/stable/lock_files

packages: []
snapshots:
- completed:
    size: 468996
    url: https://raw.githubusercontent.com/commercialhaskell/stackage-snapshots/master/nightly/2021/6/19.yaml
    sha256: 3f6833c2dc01fff47f10cf1493b42b3d1d1b017c74b3829eb5bd937e74fb879d
  original: nightly-2021-06-19
